
Microsoft Visual Studio Solution File, Format Version 12.00
# Visual Studio Version 17
VisualStudioVersion = 17.6.33712.159
MinimumVisualStudioVersion = 10.0.40219.1
Project("{FAE04EC0-301F-11D3-BF4B-00C04F79EFBC}") = "CanadaTaxes", "CanadaTaxes\CanadaTaxes.csproj", "{7DD07C12-7E9D-424E-913F-62297AC7796F}"
EndProject
Global
	GlobalSection(SolutionConfigurationPlatforms) = preSolution
		Debug|Any CPU = Debug|Any CPU
		Release|Any CPU = Release|Any CPU
	EndGlobalSection
	GlobalSection(ProjectConfigurationPlatforms) = postSolution
		{7DD07C12-7E9D-424E-913F-62297AC7796F}.Debug|Any CPU.ActiveCfg = Debug|Any CPU
		{7DD07C12-7E9D-424E-913F-62297AC7796F}.Debug|Any CPU.Build.0 = Debug|Any CPU
		{7DD07C12-7E9D-424E-913F-62297AC7796F}.Release|Any CPU.ActiveCfg = Release|Any CPU
		{7DD07C12-7E9D-424E-913F-62297AC7796F}.Release|Any CPU.Build.0 = Release|Any CPU
	EndGlobalSection
	GlobalSection(SolutionProperties) = preSolution
		HideSolutionNode = FALSE
	EndGlobalSection
	GlobalSection(ExtensibilityGlobals) = postSolution
		SolutionGuid = {610F0FC0-3261-4260-BAED-51E1F42022FD}
	EndGlobalSection
EndGlobal
